
Microsoft Visual Studio Solution File, Format Version 12.00
Project("{2150E333-8FDC-42A3-9474-1A3956D46DE8}") = "Solution Items", "Solution Items", "{7CFB1F61-62E5-44D2-993F-8CCB57C17AAC}"
	ProjectSection(SolutionItems) = preProject
		compose.yaml = compose.yaml
	EndProjectSection
EndProject
Project("{FAE04EC0-301F-11D3-BF4B-00C04F79EFBC}") = "Template.API", "src\Template.API\Template.API.csproj", "{D430FBE0-7372-4271-85FF-08DAFA0564EF}"
EndProject
Project("{2150E333-8FDC-42A3-9474-1A3956D46DE8}") = "src", "src", "{9650F1D0-D7F7-49A7-934B-36DD52D59A01}"
EndProject
Project("{FAE04EC0-301F-11D3-BF4B-00C04F79EFBC}") = "Template.Application", "src\Template.Application\Template.Application.csproj", "{3D9C58A2-EDFF-4D67-B52D-9BC79F8D2BCC}"
EndProject
Project("{FAE04EC0-301F-11D3-BF4B-00C04F79EFBC}") = "Template.Domain", "src\Template.Domain\Template.Domain.csproj", "{119A8C4A-452E-4E1F-B005-DC8216B61836}"
EndProject
Project("{FAE04EC0-301F-11D3-BF4B-00C04F79EFBC}") = "Template.Infrastructure", "src\Template.Infrastructure\Template.Infrastructure.csproj", "{AC2D53A7-EB86-4318-826D-EAC73316E5E4}"
EndProject
Project("{2150E333-8FDC-42A3-9474-1A3956D46DE8}") = "test", "test", "{E95481ED-A075-4822-A724-84AE57BBF364}"
EndProject
Project("{FAE04EC0-301F-11D3-BF4B-00C04F79EFBC}") = "Template.ArchitectureTests", "test\Template.ArchitectureTests\Template.ArchitectureTests.csproj", "{8001BFD5-2FFF-4745-B780-7DC7B08FC274}"
EndProject
Project("{FAE04EC0-301F-11D3-BF4B-00C04F79EFBC}") = "Template.UnitTest", "test\Template.UnitTest\Template.UnitTest.csproj", "{4DDB0F8D-6380-44CE-84C3-7B2F25A21B18}"
EndProject
Project("{FAE04EC0-301F-11D3-BF4B-00C04F79EFBC}") = "Template.IntegrationTests", "test\Template.IntegrationTests\Template.IntegrationTests.csproj", "{EC997ADD-63D5-4A38-8DCC-D3D8AF9D364A}"
EndProject
Project("{FAE04EC0-301F-11D3-BF4B-00C04F79EFBC}") = "Template.LoadTests", "test\Template.LoadTests\Template.LoadTests.csproj", "{7EC8A52E-5FA0-400E-979B-3B7A0380224C}"
EndProject
Global
	GlobalSection(SolutionConfigurationPlatforms) = preSolution
		Debug|Any CPU = Debug|Any CPU
		Release|Any CPU = Release|Any CPU
	EndGlobalSection
	GlobalSection(ProjectConfigurationPlatforms) = postSolution
		{D430FBE0-7372-4271-85FF-08DAFA0564EF}.Debug|Any CPU.ActiveCfg = Debug|Any CPU
		{D430FBE0-7372-4271-85FF-08DAFA0564EF}.Debug|Any CPU.Build.0 = Debug|Any CPU
		{D430FBE0-7372-4271-85FF-08DAFA0564EF}.Release|Any CPU.ActiveCfg = Release|Any CPU
		{D430FBE0-7372-4271-85FF-08DAFA0564EF}.Release|Any CPU.Build.0 = Release|Any CPU
		{3D9C58A2-EDFF-4D67-B52D-9BC79F8D2BCC}.Debug|Any CPU.ActiveCfg = Debug|Any CPU
		{3D9C58A2-EDFF-4D67-B52D-9BC79F8D2BCC}.Debug|Any CPU.Build.0 = Debug|Any CPU
		{3D9C58A2-EDFF-4D67-B52D-9BC79F8D2BCC}.Release|Any CPU.ActiveCfg = Release|Any CPU
		{3D9C58A2-EDFF-4D67-B52D-9BC79F8D2BCC}.Release|Any CPU.Build.0 = Release|Any CPU
		{119A8C4A-452E-4E1F-B005-DC8216B61836}.Debug|Any CPU.ActiveCfg = Debug|Any CPU
		{119A8C4A-452E-4E1F-B005-DC8216B61836}.Debug|Any CPU.Build.0 = Debug|Any CPU
		{119A8C4A-452E-4E1F-B005-DC8216B61836}.Release|Any CPU.ActiveCfg = Release|Any CPU
		{119A8C4A-452E-4E1F-B005-DC8216B61836}.Release|Any CPU.Build.0 = Release|Any CPU
		{AC2D53A7-EB86-4318-826D-EAC73316E5E4}.Debug|Any CPU.ActiveCfg = Debug|Any CPU
		{AC2D53A7-EB86-4318-826D-EAC73316E5E4}.Debug|Any CPU.Build.0 = Debug|Any CPU
		{AC2D53A7-EB86-4318-826D-EAC73316E5E4}.Release|Any CPU.ActiveCfg = Release|Any CPU
		{AC2D53A7-EB86-4318-826D-EAC73316E5E4}.Release|Any CPU.Build.0 = Release|Any CPU
		{8001BFD5-2FFF-4745-B780-7DC7B08FC274}.Debug|Any CPU.ActiveCfg = Debug|Any CPU
		{8001BFD5-2FFF-4745-B780-7DC7B08FC274}.Debug|Any CPU.Build.0 = Debug|Any CPU
		{8001BFD5-2FFF-4745-B780-7DC7B08FC274}.Release|Any CPU.ActiveCfg = Release|Any CPU
		{8001BFD5-2FFF-4745-B780-7DC7B08FC274}.Release|Any CPU.Build.0 = Release|Any CPU
		{4DDB0F8D-6380-44CE-84C3-7B2F25A21B18}.Debug|Any CPU.ActiveCfg = Debug|Any CPU
		{4DDB0F8D-6380-44CE-84C3-7B2F25A21B18}.Debug|Any CPU.Build.0 = Debug|Any CPU
		{4DDB0F8D-6380-44CE-84C3-7B2F25A21B18}.Release|Any CPU.ActiveCfg = Release|Any CPU
		{4DDB0F8D-6380-44CE-84C3-7B2F25A21B18}.Release|Any CPU.Build.0 = Release|Any CPU
		{EC997ADD-63D5-4A38-8DCC-D3D8AF9D364A}.Debug|Any CPU.ActiveCfg = Debug|Any CPU
		{EC997ADD-63D5-4A38-8DCC-D3D8AF9D364A}.Debug|Any CPU.Build.0 = Debug|Any CPU
		{EC997ADD-63D5-4A38-8DCC-D3D8AF9D364A}.Release|Any CPU.ActiveCfg = Release|Any CPU
		{EC997ADD-63D5-4A38-8DCC-D3D8AF9D364A}.Release|Any CPU.Build.0 = Release|Any CPU
		{7EC8A52E-5FA0-400E-979B-3B7A0380224C}.Debug|Any CPU.ActiveCfg = Debug|Any CPU
		{7EC8A52E-5FA0-400E-979B-3B7A0380224C}.Debug|Any CPU.Build.0 = Debug|Any CPU
		{7EC8A52E-5FA0-400E-979B-3B7A0380224C}.Release|Any CPU.ActiveCfg = Release|Any CPU
		{7EC8A52E-5FA0-400E-979B-3B7A0380224C}.Release|Any CPU.Build.0 = Release|Any CPU
	EndGlobalSection
	GlobalSection(NestedProjects) = preSolution
		{D430FBE0-7372-4271-85FF-08DAFA0564EF} = {9650F1D0-D7F7-49A7-934B-36DD52D59A01}
		{3D9C58A2-EDFF-4D67-B52D-9BC79F8D2BCC} = {9650F1D0-D7F7-49A7-934B-36DD52D59A01}
		{119A8C4A-452E-4E1F-B005-DC8216B61836} = {9650F1D0-D7F7-49A7-934B-36DD52D59A01}
		{AC2D53A7-EB86-4318-826D-EAC73316E5E4} = {9650F1D0-D7F7-49A7-934B-36DD52D59A01}
		{8001BFD5-2FFF-4745-B780-7DC7B08FC274} = {E95481ED-A075-4822-A724-84AE57BBF364}
		{4DDB0F8D-6380-44CE-84C3-7B2F25A21B18} = {E95481ED-A075-4822-A724-84AE57BBF364}
		{EC997ADD-63D5-4A38-8DCC-D3D8AF9D364A} = {E95481ED-A075-4822-A724-84AE57BBF364}
		{7EC8A52E-5FA0-400E-979B-3B7A0380224C} = {E95481ED-A075-4822-A724-84AE57BBF364}
	EndGlobalSection
EndGlobal
